
Microsoft Visual Studio Solution File, Format Version 12.00
# Visual Studio 15
Project("{FAE04EC0-301F-11D3-BF4B-00C04F79EFBC}") = "Unity.ML-Agents", "Unity.ML-Agents.csproj", "{28A49145-682C-CBD7-194E-0F84A0F14605}"
EndProject
Project("{FAE04EC0-301F-11D3-BF4B-00C04F79EFBC}") = "Assembly-CSharp", "Assembly-CSharp.csproj", "{2A85E165-4725-8070-C239-9ADD56D41829}"
EndProject
Project("{FAE04EC0-301F-11D3-BF4B-00C04F79EFBC}") = "Unity.ML-Agents.CommunicatorObjects", "Unity.ML-Agents.CommunicatorObjects.csproj", "{AB5DD4CC-DBDB-CE1C-BE04-658CA295DE00}"
EndProject
Project("{FAE04EC0-301F-11D3-BF4B-00C04F79EFBC}") = "Unity.ML-Agents.Editor", "Unity.ML-Agents.Editor.csproj", "{7CF5040E-1FE0-348A-60E8-096DF47D6717}"
EndProject
Global
	GlobalSection(SolutionConfigurationPlatforms) = preSolution
		Debug|Any CPU = Debug|Any CPU
		Release|Any CPU = Release|Any CPU
	EndGlobalSection
	GlobalSection(ProjectConfigurationPlatforms) = postSolution
		{28A49145-682C-CBD7-194E-0F84A0F14605}.Debug|Any CPU.ActiveCfg = Debug|Any CPU
		{28A49145-682C-CBD7-194E-0F84A0F14605}.Debug|Any CPU.Build.0 = Debug|Any CPU
		{28A49145-682C-CBD7-194E-0F84A0F14605}.Release|Any CPU.ActiveCfg = Release|Any CPU
		{28A49145-682C-CBD7-194E-0F84A0F14605}.Release|Any CPU.Build.0 = Release|Any CPU
		{2A85E165-4725-8070-C239-9ADD56D41829}.Debug|Any CPU.ActiveCfg = Debug|Any CPU
		{2A85E165-4725-8070-C239-9ADD56D41829}.Debug|Any CPU.Build.0 = Debug|Any CPU
		{2A85E165-4725-8070-C239-9ADD56D41829}.Release|Any CPU.ActiveCfg = Release|Any CPU
		{2A85E165-4725-8070-C239-9ADD56D41829}.Release|Any CPU.Build.0 = Release|Any CPU
		{AB5DD4CC-DBDB-CE1C-BE04-658CA295DE00}.Debug|Any CPU.ActiveCfg = Debug|Any CPU
		{AB5DD4CC-DBDB-CE1C-BE04-658CA295DE00}.Debug|Any CPU.Build.0 = Debug|Any CPU
		{AB5DD4CC-DBDB-CE1C-BE04-658CA295DE00}.Release|Any CPU.ActiveCfg = Release|Any CPU
		{AB5DD4CC-DBDB-CE1C-BE04-658CA295DE00}.Release|Any CPU.Build.0 = Release|Any CPU
		{7CF5040E-1FE0-348A-60E8-096DF47D6717}.Debug|Any CPU.ActiveCfg = Debug|Any CPU
		{7CF5040E-1FE0-348A-60E8-096DF47D6717}.Debug|Any CPU.Build.0 = Debug|Any CPU
		{7CF5040E-1FE0-348A-60E8-096DF47D6717}.Release|Any CPU.ActiveCfg = Release|Any CPU
		{7CF5040E-1FE0-348A-60E8-096DF47D6717}.Release|Any CPU.Build.0 = Release|Any CPU
	EndGlobalSection
	GlobalSection(SolutionProperties) = preSolution
		HideSolutionNode = FALSE
	EndGlobalSection
EndGlobal
